
Microsoft Visual Studio Solution File, Format Version 12.00
# Visual Studio Version 16
VisualStudioVersion = 16.0.32413.511
MinimumVisualStudioVersion = 10.0.40219.1
Project("{FAE04EC0-301F-11D3-BF4B-00C04F79EFBC}") = "uppgift3.15", "uppgift3.15\uppgift3.15.csproj", "{65D91306-9215-442D-B3B1-F87C7E14F487}"
EndProject
Global
	GlobalSection(SolutionConfigurationPlatforms) = preSolution
		Debug|Any CPU = Debug|Any CPU
		Release|Any CPU = Release|Any CPU
	EndGlobalSection
	GlobalSection(ProjectConfigurationPlatforms) = postSolution
		{65D91306-9215-442D-B3B1-F87C7E14F487}.Debug|Any CPU.ActiveCfg = Debug|Any CPU
		{65D91306-9215-442D-B3B1-F87C7E14F487}.Debug|Any CPU.Build.0 = Debug|Any CPU
		{65D91306-9215-442D-B3B1-F87C7E14F487}.Release|Any CPU.ActiveCfg = Release|Any CPU
		{65D91306-9215-442D-B3B1-F87C7E14F487}.Release|Any CPU.Build.0 = Release|Any CPU
	EndGlobalSection
	GlobalSection(SolutionProperties) = preSolution
		HideSolutionNode = FALSE
	EndGlobalSection
	GlobalSection(ExtensibilityGlobals) = postSolution
		SolutionGuid = {3C90B221-1891-4818-B2BA-9AC04B424926}
	EndGlobalSection
EndGlobal
